github.com/coreos/go-semver v0.3.0 h1:wkHLiw0WNATZnSG7epLsujiMCgPAc9xhjJ4tgnAxmfM=
github.com/coreos/go-semver v0.3.0/go.mod h1:nnelYz7RCh+5ahJtPPxZlU+153eP4D4r3EedlOD2RNk=
github.com/moutend/go-wav v0.0.0-20170820031854-56127fbbb7ba h1:OjLj0dIkgDrGzgLHh2dv2BGtpa8RwCqykn2ThFcOMLc=
github.com/moutend/go-wav v0.0.0-20170820031854-56127fbbb7ba/go.mod h1:y/Ls9PBADL6vJfbt4gZbNtUS2grnEGnFg4RMsCa5g/4=
gopkg.in/check.v1 v0.0.0-20161208181325-20d25e280405/go.mod h1:Co6ibVJAznAaIkqp8huTwlJQCZ016jof/cbN4VW5Yz0=
gopkg.in/yaml.v2 v2.4.0 h1:D8xgwECY7CYvx+Y2n4sBz93Jn9JRvxdiyyo8CTfuKaY=
gopkg.in/yaml.v2 v2.4.0/go.mod h1:RDklbk79AGWmwhnvt/jBztapEOGDOx6ZbXqjP6csGnQ=
